
Microsoft Visual Studio Solution File, Format Version 12.00
Project("{F2A71F9B-5D33-465A-A702-920D77279786}") = "DataVault", "DataVault\DataVault.fsproj", "{B03257E3-BA50-4D3B-83A2-9CE8D532A57A}"
EndProject
Global
	GlobalSection(SolutionConfigurationPlatforms) = preSolution
		Debug|Any CPU = Debug|Any CPU
		Release|Any CPU = Release|Any CPU
	EndGlobalSection
	GlobalSection(ProjectConfigurationPlatforms) = postSolution
		{B03257E3-BA50-4D3B-83A2-9CE8D532A57A}.Debug|Any CPU.ActiveCfg = Debug|Any CPU
		{B03257E3-BA50-4D3B-83A2-9CE8D532A57A}.Debug|Any CPU.Build.0 = Debug|Any CPU
		{B03257E3-BA50-4D3B-83A2-9CE8D532A57A}.Release|Any CPU.ActiveCfg = Release|Any CPU
		{B03257E3-BA50-4D3B-83A2-9CE8D532A57A}.Release|Any CPU.Build.0 = Release|Any CPU
	EndGlobalSection
EndGlobal
